
Microsoft Visual Studio Solution File, Format Version 12.00
# Visual Studio Version 17
VisualStudioVersion = 17.9.34728.123
MinimumVisualStudioVersion = 10.0.40219.1
Project("{8BC9CEB8-8B4A-11D0-8D11-00A0C91BC942}") = "Warframes", "Warframes.vcxproj", "{6DCA5519-E66C-460B-92E9-B46D5E802D52}"
EndProject
Global
	GlobalSection(SolutionConfigurationPlatforms) = preSolution
		Debug|x64 = Debug|x64
		Debug|x86 = Debug|x86
		Release|x64 = Release|x64
		Release|x86 = Release|x86
	EndGlobalSection
	GlobalSection(ProjectConfigurationPlatforms) = postSolution
		{6DCA5519-E66C-460B-92E9-B46D5E802D52}.Debug|x64.ActiveCfg = Debug|x64
		{6DCA5519-E66C-460B-92E9-B46D5E802D52}.Debug|x64.Build.0 = Debug|x64
		{6DCA5519-E66C-460B-92E9-B46D5E802D52}.Debug|x86.ActiveCfg = Debug|Win32
		{6DCA5519-E66C-460B-92E9-B46D5E802D52}.Debug|x86.Build.0 = Debug|Win32
		{6DCA5519-E66C-460B-92E9-B46D5E802D52}.Release|x64.ActiveCfg = Release|x64
		{6DCA5519-E66C-460B-92E9-B46D5E802D52}.Release|x64.Build.0 = Release|x64
		{6DCA5519-E66C-460B-92E9-B46D5E802D52}.Release|x86.ActiveCfg = Release|Win32
		{6DCA5519-E66C-460B-92E9-B46D5E802D52}.Release|x86.Build.0 = Release|Win32
	EndGlobalSection
	GlobalSection(SolutionProperties) = preSolution
		HideSolutionNode = FALSE
	EndGlobalSection
	GlobalSection(ExtensibilityGlobals) = postSolution
		SolutionGuid = {CAB36E31-3856-42C9-BA4B-F9655A7E3BC8}
	EndGlobalSection
EndGlobal
